
Microsoft Visual Studio Solution File, Format Version 12.00
# Visual Studio Version 17
VisualStudioVersion = 17.1.32421.90
MinimumVisualStudioVersion = 10.0.40219.1
Project("{FAE04EC0-301F-11D3-BF4B-00C04F79EFBC}") = "HW_FabricMethod", "HW_FabricMethod\HW_FabricMethod.csproj", "{C29F1057-F97F-40DE-8E10-3DE8E3F81CBD}"
EndProject
Global
	GlobalSection(SolutionConfigurationPlatforms) = preSolution
		Debug|Any CPU = Debug|Any CPU
		Release|Any CPU = Release|Any CPU
	EndGlobalSection
	GlobalSection(ProjectConfigurationPlatforms) = postSolution
		{C29F1057-F97F-40DE-8E10-3DE8E3F81CBD}.Debug|Any CPU.ActiveCfg = Debug|Any CPU
		{C29F1057-F97F-40DE-8E10-3DE8E3F81CBD}.Debug|Any CPU.Build.0 = Debug|Any CPU
		{C29F1057-F97F-40DE-8E10-3DE8E3F81CBD}.Release|Any CPU.ActiveCfg = Release|Any CPU
		{C29F1057-F97F-40DE-8E10-3DE8E3F81CBD}.Release|Any CPU.Build.0 = Release|Any CPU
	EndGlobalSection
	GlobalSection(SolutionProperties) = preSolution
		HideSolutionNode = FALSE
	EndGlobalSection
	GlobalSection(ExtensibilityGlobals) = postSolution
		SolutionGuid = {AD76F96A-AE90-4543-A54D-24E8A22DE169}
	EndGlobalSection
EndGlobal
